
Microsoft Visual Studio Solution File, Format Version 12.00
# Visual Studio Version 17
VisualStudioVersion = 17.4.33110.190
MinimumVisualStudioVersion = 10.0.40219.1
Project("{FAE04EC0-301F-11D3-BF4B-00C04F79EFBC}") = "ReadyLine", "ReadyLine\ReadyLine.csproj", "{DA7C9B6F-3F7E-4598-8126-2C0D13EA70EE}"
EndProject
Global
	GlobalSection(SolutionConfigurationPlatforms) = preSolution
		Debug|Any CPU = Debug|Any CPU
		Release|Any CPU = Release|Any CPU
	EndGlobalSection
	GlobalSection(ProjectConfigurationPlatforms) = postSolution
		{DA7C9B6F-3F7E-4598-8126-2C0D13EA70EE}.Debug|Any CPU.ActiveCfg = Debug|Any CPU
		{DA7C9B6F-3F7E-4598-8126-2C0D13EA70EE}.Debug|Any CPU.Build.0 = Debug|Any CPU
		{DA7C9B6F-3F7E-4598-8126-2C0D13EA70EE}.Release|Any CPU.ActiveCfg = Release|Any CPU
		{DA7C9B6F-3F7E-4598-8126-2C0D13EA70EE}.Release|Any CPU.Build.0 = Release|Any CPU
	EndGlobalSection
	GlobalSection(SolutionProperties) = preSolution
		HideSolutionNode = FALSE
	EndGlobalSection
	GlobalSection(ExtensibilityGlobals) = postSolution
		SolutionGuid = {E6C42E7F-B087-45C0-9B37-5B0054BCB13B}
	EndGlobalSection
EndGlobal
